
Microsoft Visual Studio Solution File, Format Version 12.00
# Visual Studio Version 17
VisualStudioVersion = 17.6.33723.286
MinimumVisualStudioVersion = 10.0.40219.1
Project("{FAE04EC0-301F-11D3-BF4B-00C04F79EFBC}") = "ObserverPattern", "ObserverPattern\ObserverPattern.csproj", "{74CF93B3-56D4-475D-AE10-C0F2ACCF648A}"
EndProject
Global
	GlobalSection(SolutionConfigurationPlatforms) = preSolution
		Debug|Any CPU = Debug|Any CPU
		Release|Any CPU = Release|Any CPU
	EndGlobalSection
	GlobalSection(ProjectConfigurationPlatforms) = postSolution
		{74CF93B3-56D4-475D-AE10-C0F2ACCF648A}.Debug|Any CPU.ActiveCfg = Debug|Any CPU
		{74CF93B3-56D4-475D-AE10-C0F2ACCF648A}.Debug|Any CPU.Build.0 = Debug|Any CPU
		{74CF93B3-56D4-475D-AE10-C0F2ACCF648A}.Release|Any CPU.ActiveCfg = Release|Any CPU
		{74CF93B3-56D4-475D-AE10-C0F2ACCF648A}.Release|Any CPU.Build.0 = Release|Any CPU
	EndGlobalSection
	GlobalSection(SolutionProperties) = preSolution
		HideSolutionNode = FALSE
	EndGlobalSection
	GlobalSection(ExtensibilityGlobals) = postSolution
		SolutionGuid = {C868A528-F660-419B-B8C2-5F528CE6F3AF}
	EndGlobalSection
EndGlobal
